
Microsoft Visual Studio Solution File, Format Version 12.00
# Visual Studio Version 17
VisualStudioVersion = 17.5.33502.453
MinimumVisualStudioVersion = 10.0.40219.1
Project("{9A19103F-16F7-4668-BE54-9A1E7A4F7556}") = "D3_DM1", "D3_DM1\D3_DM1.csproj", "{9987A440-2933-44FA-B6EE-994BB5E9D38B}"
EndProject
Project("{2150E333-8FDC-42A3-9474-1A3956D46DE8}") = "Solution Items", "Solution Items", "{46E58ECF-6BF2-4DD4-9581-B6EE76E394E5}"
	ProjectSection(SolutionItems) = preProject
		.editorconfig = .editorconfig
	EndProjectSection
EndProject
Global
	GlobalSection(SolutionConfigurationPlatforms) = preSolution
		Debug|Any CPU = Debug|Any CPU
		Release|Any CPU = Release|Any CPU
	EndGlobalSection
	GlobalSection(ProjectConfigurationPlatforms) = postSolution
		{9987A440-2933-44FA-B6EE-994BB5E9D38B}.Debug|Any CPU.ActiveCfg = Debug|Any CPU
		{9987A440-2933-44FA-B6EE-994BB5E9D38B}.Debug|Any CPU.Build.0 = Debug|Any CPU
		{9987A440-2933-44FA-B6EE-994BB5E9D38B}.Release|Any CPU.ActiveCfg = Release|Any CPU
		{9987A440-2933-44FA-B6EE-994BB5E9D38B}.Release|Any CPU.Build.0 = Release|Any CPU
	EndGlobalSection
	GlobalSection(SolutionProperties) = preSolution
		HideSolutionNode = FALSE
	EndGlobalSection
	GlobalSection(ExtensibilityGlobals) = postSolution
		SolutionGuid = {A7F81B7E-A7C7-419D-9F86-03FC6EAC98B6}
	EndGlobalSection
EndGlobal
